
Microsoft Visual Studio Solution File, Format Version 12.00
# Visual Studio Version 16
VisualStudioVersion = 16.0.31605.320
MinimumVisualStudioVersion = 10.0.40219.1
Project("{FAE04EC0-301F-11D3-BF4B-00C04F79EFBC}") = "Lyre.WebApi", "Lyre.WebApi\Lyre.WebApi.csproj", "{235326C1-0B2D-4726-B42F-C7F7594FF4A5}"
EndProject
Global
	GlobalSection(SolutionConfigurationPlatforms) = preSolution
		Debug|Any CPU = Debug|Any CPU
		Release|Any CPU = Release|Any CPU
	EndGlobalSection
	GlobalSection(ProjectConfigurationPlatforms) = postSolution
		{235326C1-0B2D-4726-B42F-C7F7594FF4A5}.Debug|Any CPU.ActiveCfg = Debug|Any CPU
		{235326C1-0B2D-4726-B42F-C7F7594FF4A5}.Debug|Any CPU.Build.0 = Debug|Any CPU
		{235326C1-0B2D-4726-B42F-C7F7594FF4A5}.Release|Any CPU.ActiveCfg = Release|Any CPU
		{235326C1-0B2D-4726-B42F-C7F7594FF4A5}.Release|Any CPU.Build.0 = Release|Any CPU
	EndGlobalSection
	GlobalSection(SolutionProperties) = preSolution
		HideSolutionNode = FALSE
	EndGlobalSection
	GlobalSection(ExtensibilityGlobals) = postSolution
		SolutionGuid = {839BC1B4-6B52-4CBD-B602-D50CAA767ADD}
	EndGlobalSection
EndGlobal
